// !$*UTF8*$!
{
	archiveVersion = 1;
	classes = {
	};
	objectVersion = 48;
	objects = {

/* Begin PBXBuildFile section */
		5A948DFD1FF1A501005BAF3F /* AppDelegate.m in Sources */ = {isa = PBXBuildFile; fileRef = 5A948DFC1FF1A501005BAF3F /* AppDelegate.m */; };
		5A948E021FF1A501005BAF3F /* Assets.xcassets in Resources */ = {isa = PBXBuildFile; fileRef = 5A948E011FF1A501005BAF3F /* Assets.xcassets */; };
		5A948E051FF1A501005BAF3F /* Main.storyboard in Resources */ = {isa = PBXBuildFile; fileRef = 5A948E031FF1A501005BAF3F /* Main.storyboard */; };
		5A948E081FF1A501005BAF3F /* main.m in Sources */ = {isa = PBXBuildFile; fileRef = 5A948E071FF1A501005BAF3F /* main.m */; };
		5A948E121FF1A82B005BAF3F /* TYVImagesLibraryViewController.m in Sources */ = {isa = PBXBuildFile; fileRef = 5A948E111FF1A82B005BAF3F /* TYVImagesLibraryViewController.m */; };
/* End PBXBuildFile section */

/* Begin PBXFileReference section */
		5A948DF81FF1A501005BAF3F /* TYVImagesViewer.app */ = {isa = PBXFileReference; explicitFileType = wrapper.application; includeInIndex = 0; path = TYVImagesViewer.app; sourceTree = BUILT_PRODUCTS_DIR; };
		5A948DFB1FF1A501005BAF3F /* AppDelegate.h */ = {isa = PBXFileReference; lastKnownFileType = sourcecode.c.h; path = AppDelegate.h; sourceTree = "<group>"; };
		5A948DFC1FF1A501005BAF3F /* AppDelegate.m */ = {isa = PBXFileReference; lastKnownFileType = sourcecode.c.objc; path = AppDelegate.m; sourceTree = "<group>"; };
		5A948E011FF1A501005BAF3F /* Assets.xcassets */ = {isa = PBXFileReference; lastKnownFileType = folder.assetcatalog; path = Assets.xcassets; sourceTree = "<group>"; };
		5A948E041FF1A501005BAF3F /* Base */ = {isa = PBXFileReference; lastKnownFileType = file.storyboard; name = Base; path = Base.lproj/Main.storyboard; sourceTree = "<group>"; };
		5A948E061FF1A501005BAF3F /* Info.plist */ = {isa = PBXFileReference; lastKnownFileType = text.plist.xml; path = Info.plist; sourceTree = "<group>"; };
		5A948E071FF1A501005BAF3F /* main.m */ = {isa = PBXFileReference; lastKnownFileType = sourcecode.c.objc; path = main.m; sourceTree = "<group>"; };
		5A948E091FF1A501005BAF3F /* TYVImagesViewer.entitlements */ = {isa = PBXFileReference; lastKnownFileType = text.plist.entitlements; path = TYVImagesViewer.entitlements; sourceTree = "<group>"; };
		5A948E101FF1A82B005BAF3F /* TYVImagesLibraryViewController.h */ = {isa = PBXFileReference; lastKnownFileType = sourcecode.c.h; path = TYVImagesLibraryViewController.h; sourceTree = "<group>"; };
		5A948E111FF1A82B005BAF3F /* TYVImagesLibraryViewController.m */ = {isa = PBXFileReference; lastKnownFileType = sourcecode.c.objc; path = TYVImagesLibraryViewController.m; sourceTree = "<group>"; };
/* End PBXFileReference section */

/* Begin PBXFrameworksBuildPhase section */
		5A948DF51FF1A501005BAF3F /* Frameworks */ = {
			isa = PBXFrameworksBuildPhase;
			buildActionMask = 2147483647;
			files = (
			);
			runOnlyForDeploymentPostprocessing = 0;
		};
/* End PBXFrameworksBuildPhase section */

/* Begin PBXGroup section */
		5A948DEF1FF1A501005BAF3F = {
			isa = PBXGroup;
			children = (
				5A948DFA1FF1A501005BAF3F /* TYVImagesViewer */,
				5A948DF91FF1A501005BAF3F /* Products */,
			);
			sourceTree = "<group>";
		};
		5A948DF91FF1A501005BAF3F /* Products */ = {
			isa = PBXGroup;
			children = (
				5A948DF81FF1A501005BAF3F /* TYVImagesViewer.app */,
			);
			name = Products;
			sourceTree = "<group>";
		};
		5A948DFA1FF1A501005BAF3F /* TYVImagesViewer */ = {
			isa = PBXGroup;
			children = (
				5A948E141FF1A858005BAF3F /* ViewControllers */,
				5A948DFB1FF1A501005BAF3F /* AppDelegate.h */,
				5A948DFC1FF1A501005BAF3F /* AppDelegate.m */,
				5A948E011FF1A501005BAF3F /* Assets.xcassets */,
				5A948E031FF1A501005BAF3F /* Main.storyboard */,
				5A948E061FF1A501005BAF3F /* Info.plist */,
				5A948E071FF1A501005BAF3F /* main.m */,
				5A948E091FF1A501005BAF3F /* TYVImagesViewer.entitlements */,
			);
			path = TYVImagesViewer;
			sourceTree = "<group>";
		};
		5A948E131FF1A830005BAF3F /* TYVImagesLibraryViewController */ = {
			isa = PBXGroup;
			children = (
				5A948E101FF1A82B005BAF3F /* TYVImagesLibraryViewController.h */,
				5A948E111FF1A82B005BAF3F /* TYVImagesLibraryViewController.m */,
			);
			path = TYVImagesLibraryViewController;
			sourceTree = "<group>";
		};
		5A948E141FF1A858005BAF3F /* ViewControllers */ = {
			isa = PBXGroup;
			children = (
				5A948E131FF1A830005BAF3F /* TYVImagesLibraryViewController */,
			);
			path = ViewControllers;
			sourceTree = "<group>";
		};
/* End PBXGroup section */

/* Begin PBXNativeTarget section */
		5A948DF71FF1A501005BAF3F /* TYVImagesViewer */ = {
			isa = PBXNativeTarget;
			buildConfigurationList = 5A948E0C1FF1A501005BAF3F /* Build configuration list for PBXNativeTarget "TYVImagesViewer" */;
			buildPhases = (
				5A948DF41FF1A501005BAF3F /* Sources */,
				5A948DF51FF1A501005BAF3F /* Frameworks */,
				5A948DF61FF1A501005BAF3F /* Resources */,
			);
			buildRules = (
			);
			dependencies = (
			);
			name = TYVImagesViewer;
			productName = TYVImagesViewer;
			productReference = 5A948DF81FF1A501005BAF3F /* TYVImagesViewer.app */;
			productType = "com.apple.product-type.application";
		};
/* End PBXNativeTarget section */

/* Begin PBXProject section */
		5A948DF01FF1A501005BAF3F /* Project object */ = {
			isa = PBXProject;
			attributes = {
				LastUpgradeCheck = 0920;
				ORGANIZATIONNAME = "Yurii Trokhymchuk";
				TargetAttributes = {
					5A948DF71FF1A501005BAF3F = {
						CreatedOnToolsVersion = 9.2;
						ProvisioningStyle = Automatic;
					};
				};
			};
			buildConfigurationList = 5A948DF31FF1A501005BAF3F /* Build configuration list for PBXProject "TYVImagesViewer" */;
			compatibilityVersion = "Xcode 8.0";
			developmentRegion = en;
			hasScannedForEncodings = 0;
			knownRegions = (
				en,
				Base,
			);
			mainGroup = 5A948DEF1FF1A501005BAF3F;
			productRefGroup = 5A948DF91FF1A501005BAF3F /* Products */;
			projectDirPath = "";
			projectRoot = "";
			targets = (
				5A948DF71FF1A501005BAF3F /* TYVImagesViewer */,
			);
		};
/* End PBXProject section */

/* Begin PBXResourcesBuildPhase section */
		5A948DF61FF1A501005BAF3F /* Resources */ = {
			isa = PBXResourcesBuildPhase;
			buildActionMask = 2147483647;
			files = (
				5A948E021FF1A501005BAF3F /* Assets.xcassets in Resources */,
				5A948E051FF1A501005BAF3F /* Main.storyboard in Resources */,
			);
			runOnlyForDeploymentPostprocessing = 0;
		};
/* End PBXResourcesBuildPhase section */

/* Begin PBXSourcesBuildPhase section */
		5A948DF41FF1A501005BAF3F /* Sources */ = {
			isa = PBXSourcesBuildPhase;
			buildActionMask = 2147483647;
			files = (
				5A948E121FF1A82B005BAF3F /* TYVImagesLibraryViewController.m in Sources */,
				5A948E081FF1A501005BAF3F /* main.m in Sources */,
				5A948DFD1FF1A501005BAF3F /* AppDelegate.m in Sources */,
			);
			runOnlyForDeploymentPostprocessing = 0;
		};
/* End PBXSourcesBuildPhase section */

/* Begin PBXVariantGroup section */
		5A948E031FF1A501005BAF3F /* Main.storyboard */ = {
			isa = PBXVariantGroup;
			children = (
				5A948E041FF1A501005BAF3F /* Base */,
			);
			name = Main.storyboard;
			sourceTree = "<group>";
		};
/* End PBXVariantGroup section */

/* Begin XCBuildConfiguration section */
		5A948E0A1FF1A501005BAF3F /* Debug */ = {
			isa = XCBuildConfiguration;
			buildSettings = {
				ALWAYS_SEARCH_USER_PATHS = NO;
				CLANG_ANALYZER_NONNULL = YES;
				CLANG_ANALYZER_NUMBER_OBJECT_CONVERSION = YES_AGGRESSIVE;
				CLANG_CXX_LANGUAGE_STANDARD = "gnu++14";
				CLANG_CXX_LIBRARY = "libc++";
				CLANG_ENABLE_MODULES = YES;
				CLANG_ENABLE_OBJC_ARC = YES;
				CLANG_WARN_BLOCK_CAPTURE_AUTORELEASING = YES;
				CLANG_WARN_BOOL_CONVERSION = YES;
				CLANG_WARN_COMMA = YES;
				CLANG_WARN_CONSTANT_CONVERSION = YES;
				CLANG_WARN_DIRECT_OBJC_ISA_USAGE = YES_ERROR;
				CLANG_WARN_DOCUMENTATION_COMMENTS = YES;
				CLANG_WARN_EMPTY_BODY = YES;
				CLANG_WARN_ENUM_CONVERSION = YES;
				CLANG_WARN_INFINITE_RECURSION = YES;
				CLANG_WARN_INT_CONVERSION = YES;
				CLANG_WARN_NON_LITERAL_NULL_CONVERSION = YES;
				CLANG_WARN_OBJC_LITERAL_CONVERSION = YES;
				CLANG_WARN_OBJC_ROOT_CLASS = YES_ERROR;
				CLANG_WARN_RANGE_LOOP_ANALYSIS = YES;
				CLANG_WARN_STRICT_PROTOTYPES = YES;
				CLANG_WARN_SUSPICIOUS_MOVE = YES;
				CLANG_WARN_UNGUARDED_AVAILABILITY = YES_AGGRESSIVE;
				CLANG_WARN_UNREACHABLE_CODE = YES;
				CLANG_WARN__DUPLICATE_METHOD_MATCH = YES;
				CODE_SIGN_IDENTITY = "Mac Developer";
				COPY_PHASE_STRIP = NO;
				DEBUG_INFORMATION_FORMAT = dwarf;
				ENABLE_STRICT_OBJC_MSGSEND = YES;
				ENABLE_TESTABILITY = YES;
				GCC_C_LANGUAGE_STANDARD = gnu11;
				GCC_DYNAMIC_NO_PIC = NO;
				GCC_NO_COMMON_BLOCKS = YES;
				GCC_OPTIMIZATION_LEVEL = 0;
				GCC_PREPROCESSOR_DEFINITIONS = (
					"DEBUG=1",
					"$(inherited)",
				);
				GCC_WARN_64_TO_32_BIT_CONVERSION = YES;
				GCC_WARN_ABOUT_RETURN_TYPE = YES_ERROR;
				GCC_WARN_UNDECLARED_SELECTOR = YES;
				GCC_WARN_UNINITIALIZED_AUTOS = YES_AGGRESSIVE;
				GCC_WARN_UNUSED_FUNCTION = YES;
				GCC_WARN_UNUSED_VARIABLE = YES;
				MACOSX_DEPLOYMENT_TARGET = 10.13;
				MTL_ENABLE_DEBUG_INFO = YES;
				ONLY_ACTIVE_ARCH = YES;
				SDKROOT = macosx;
			};
			name = Debug;
		};
		5A948E0B1FF1A501005BAF3F /* Release */ = {
			isa = XCBuildConfiguration;
			buildSettings = {
				ALWAYS_SEARCH_USER_PATHS = NO;
				CLANG_ANALYZER_NONNULL = YES;
				CLANG_ANALYZER_NUMBER_OBJECT_CONVERSION = YES_AGGRESSIVE;
				CLANG_CXX_LANGUAGE_STANDARD = "gnu++14";
				CLANG_CXX_LIBRARY = "libc++";
				CLANG_ENABLE_MODULES = YES;
				CLANG_ENABLE_OBJC_ARC = YES;
				CLANG_WARN_BLOCK_CAPTURE_AUTORELEASING = YES;
				CLANG_WARN_BOOL_CONVERSION = YES;
				CLANG_WARN_COMMA = YES;
				CLANG_WARN_CONSTANT_CONVERSION = YES;
				CLANG_WARN_DIRECT_OBJC_ISA_USAGE = YES_ERROR;
				CLANG_WARN_DOCUMENTATION_COMMENTS = YES;
				CLANG_WARN_EMPTY_BODY = YES;
				CLANG_WARN_ENUM_CONVERSION = YES;
				CLANG_WARN_INFINITE_RECURSION = YES;
				CLANG_WARN_INT_CONVERSION = YES;
				CLANG_WARN_NON_LITERAL_NULL_CONVERSION = YES;
				CLANG_WARN_OBJC_LITERAL_CONVERSION = YES;
				CLANG_WARN_OBJC_ROOT_CLASS = YES_ERROR;
				CLANG_WARN_RANGE_LOOP_ANALYSIS = YES;
				CLANG_WARN_STRICT_PROTOTYPES = YES;
				CLANG_WARN_SUSPICIOUS_MOVE = YES;
				CLANG_WARN_UNGUARDED_AVAILABILITY = YES_AGGRESSIVE;
				CLANG_WARN_UNREACHABLE_CODE = YES;
				CLANG_WARN__DUPLICATE_METHOD_MATCH = YES;
				CODE_SIGN_IDENTITY = "Mac Developer";
				COPY_PHASE_STRIP = NO;
				DEBUG_INFORMATION_FORMAT = "dwarf-with-dsym";
				ENABLE_NS_ASSERTIONS = NO;
				ENABLE_STRICT_OBJC_MSGSEND = YES;
				GCC_C_LANGUAGE_STANDARD = gnu11;
				GCC_NO_COMMON_BLOCKS = YES;
				GCC_WARN_64_TO_32_BIT_CONVERSION = YES;
				GCC_WARN_ABOUT_RETURN_TYPE = YES_ERROR;
				GCC_WARN_UNDECLARED_SELECTOR = YES;
				GCC_WARN_UNINITIALIZED_AUTOS = YES_AGGRESSIVE;
				GCC_WARN_UNUSED_FUNCTION = YES;
				GCC_WARN_UNUSED_VARIABLE = YES;
				MACOSX_DEPLOYMENT_TARGET = 10.13;
				MTL_ENABLE_DEBUG_INFO = NO;
				SDKROOT = macosx;
			};
			name = Release;
		};
		5A948E0D1FF1A501005BAF3F /* Debug */ = {
			isa = XCBuildConfiguration;
			buildSettings = {
				ASSETCATALOG_COMPILER_APPICON_NAME = AppIcon;
				CODE_SIGN_ENTITLEMENTS = TYVImagesViewer/TYVImagesViewer.entitlements;
				CODE_SIGN_STYLE = Automatic;
				COMBINE_HIDPI_IMAGES = YES;
				DEVELOPMENT_TEAM = 523JLE4YUX;
				INFOPLIST_FILE = TYVImagesViewer/Info.plist;
				LD_RUNPATH_SEARCH_PATHS = "$(inherited) @executable_path/../Frameworks";
				PRODUCT_BUNDLE_IDENTIFIER = com.yurii.imagesViewer.TYVImagesViewer;
				PRODUCT_NAME = "$(TARGET_NAME)";
			};
			name = Debug;
		};
		5A948E0E1FF1A501005BAF3F /* Release */ = {
			isa = XCBuildConfiguration;
			buildSettings = {
				ASSETCATALOG_COMPILER_APPICON_NAME = AppIcon;
				CODE_SIGN_ENTITLEMENTS = TYVImagesViewer/TYVImagesViewer.entitlements;
				CODE_SIGN_STYLE = Automatic;
				COMBINE_HIDPI_IMAGES = YES;
				DEVELOPMENT_TEAM = 523JLE4YUX;
				INFOPLIST_FILE = TYVImagesViewer/Info.plist;
				LD_RUNPATH_SEARCH_PATHS = "$(inherited) @executable_path/../Frameworks";
				PRODUCT_BUNDLE_IDENTIFIER = com.yurii.imagesViewer.TYVImagesViewer;
				PRODUCT_NAME = "$(TARGET_NAME)";
			};
			name = Release;
		};
/* End XCBuildConfiguration section */

/* Begin XCConfigurationList section */
		5A948DF31FF1A501005BAF3F /* Build configuration list for PBXProject "TYVImagesViewer" */ = {
			isa = XCConfigurationList;
			buildConfigurations = (
				5A948E0A1FF1A501005BAF3F /* Debug */,
				5A948E0B1FF1A501005BAF3F /* Release */,
			);
			defaultConfigurationIsVisible = 0;
			defaultConfigurationName = Release;
		};
		5A948E0C1FF1A501005BAF3F /* Build configuration list for PBXNativeTarget "TYVImagesViewer" */ = {
			isa = XCConfigurationList;
			buildConfigurations = (
				5A948E0D1FF1A501005BAF3F /* Debug */,
				5A948E0E1FF1A501005BAF3F /* Release */,
			);
			defaultConfigurationIsVisible = 0;
			defaultConfigurationName = Release;
		};
/* End XCConfigurationList section */
	};
	rootObject = 5A948DF01FF1A501005BAF3F /* Project object */;
}
